// !$*UTF8*$!
{
	archiveVersion = 1;
	classes = {
	};
	objectVersion = 55;
	objects = {

/* Begin PBXBuildFile section */
		1405D098285CB2DA000D3157 /* OverviewPageController.swift in Sources */ = {isa = PBXBuildFile; fileRef = 1405D097285CB2DA000D3157 /* OverviewPageController.swift */; };
		1405D0AA285CDE54000D3157 /* OverviewSymptomsCollectionViewCell.swift in Sources */ = {isa = PBXBuildFile; fileRef = 1405D0A9285CDE54000D3157 /* OverviewSymptomsCollectionViewCell.swift */; };
		1405D0AC285CDE72000D3157 /* OverviewCollectionViewCell.swift in Sources */ = {isa = PBXBuildFile; fileRef = 1405D0AB285CDE72000D3157 /* OverviewCollectionViewCell.swift */; };
		1436F77A285CAAAF0090582B /* StretchFinish.storyboard in Resources */ = {isa = PBXBuildFile; fileRef = 1436F779285CAAAF0090582B /* StretchFinish.storyboard */; };
		1436F77C285CAAB50090582B /* StretchFinishPageController.swift in Sources */ = {isa = PBXBuildFile; fileRef = 1436F77B285CAAB50090582B /* StretchFinishPageController.swift */; };
		14573B40285ADDEB008F714F /* StretchStep.storyboard in Resources */ = {isa = PBXBuildFile; fileRef = 14573B3F285ADDEA008F714F /* StretchStep.storyboard */; };
		14573B42285ADE16008F714F /* StretchStepController.swift in Sources */ = {isa = PBXBuildFile; fileRef = 14573B41285ADE16008F714F /* StretchStepController.swift */; };
		145A1D2A28618584001A6BA4 /* GIFProcessorExtension.swift in Sources */ = {isa = PBXBuildFile; fileRef = 145A1D2928618584001A6BA4 /* GIFProcessorExtension.swift */; };
		145A1D2C286187DD001A6BA4 /* Prayer.gif in Resources */ = {isa = PBXBuildFile; fileRef = 145A1D2B286187DD001A6BA4 /* Prayer.gif */; };
		148BD09C2859FB2A00420125 /* ChooseStretch.storyboard in Resources */ = {isa = PBXBuildFile; fileRef = 148BD09B2859FB2A00420125 /* ChooseStretch.storyboard */; };
		148BD0A4285A04D200420125 /* ChooseStretchController.swift in Sources */ = {isa = PBXBuildFile; fileRef = 148BD0A3285A04D200420125 /* ChooseStretchController.swift */; };
		148BD0A7285A057D00420125 /* ChooseStretchTableViewCell.swift in Sources */ = {isa = PBXBuildFile; fileRef = 148BD0A5285A057D00420125 /* ChooseStretchTableViewCell.swift */; };
		148BD0A8285A057D00420125 /* ChooseStretchTableViewCell.xib in Resources */ = {isa = PBXBuildFile; fileRef = 148BD0A6285A057D00420125 /* ChooseStretchTableViewCell.xib */; };
		148BD0AD285A0ABF00420125 /* StretchType.swift in Sources */ = {isa = PBXBuildFile; fileRef = 148BD0AC285A0ABF00420125 /* StretchType.swift */; };
		148BD0AF285A133800420125 /* StretchSteps.swift in Sources */ = {isa = PBXBuildFile; fileRef = 148BD0AE285A133800420125 /* StretchSteps.swift */; };
		1498D1D92858BB280009C41F /* TimerProgressBar.swift in Sources */ = {isa = PBXBuildFile; fileRef = 1498D1D82858BB280009C41F /* TimerProgressBar.swift */; };
		1498D1DB2858BEDC0009C41F /* ProgressBarTimer.swift in Sources */ = {isa = PBXBuildFile; fileRef = 1498D1DA2858BEDC0009C41F /* ProgressBarTimer.swift */; };
		14FD0BFD28605EB900DAF65D /* MoreComingSoonCell.swift in Sources */ = {isa = PBXBuildFile; fileRef = 14FD0BFB28605EB900DAF65D /* MoreComingSoonCell.swift */; };
		14FD0BFE28605EB900DAF65D /* MoreComingSoonCell.xib in Resources */ = {isa = PBXBuildFile; fileRef = 14FD0BFC28605EB900DAF65D /* MoreComingSoonCell.xib */; };
		14FD0C03286060CE00DAF65D /* Stop Stretch.gif in Resources */ = {isa = PBXBuildFile; fileRef = 14FD0C00286060CE00DAF65D /* Stop Stretch.gif */; };
		14FD0C04286060CE00DAF65D /* Thumb Glide.gif in Resources */ = {isa = PBXBuildFile; fileRef = 14FD0C01286060CE00DAF65D /* Thumb Glide.gif */; };
		14FD0C05286060CE00DAF65D /* Push Out Stretch.gif in Resources */ = {isa = PBXBuildFile; fileRef = 14FD0C02286060CE00DAF65D /* Push Out Stretch.gif */; };
		950636BB2859ECF9008C2639 /* blank.swift in Sources */ = {isa = PBXBuildFile; fileRef = 950636BA2859ECF9008C2639 /* blank.swift */; };
		956B7BF7285AFD2900593ED0 /* CarvensyColor.swift in Sources */ = {isa = PBXBuildFile; fileRef = 956B7BF6285AFD2900593ED0 /* CarvensyColor.swift */; };
		95E3C4B6285844EC0065DFB0 /* AppDelegate.swift in Sources */ = {isa = PBXBuildFile; fileRef = 95E3C4B5285844EC0065DFB0 /* AppDelegate.swift */; };
		95E3C4B8285844EC0065DFB0 /* SceneDelegate.swift in Sources */ = {isa = PBXBuildFile; fileRef = 95E3C4B7285844EC0065DFB0 /* SceneDelegate.swift */; };
		95E3C4BA285844EC0065DFB0 /* TimerPageController.swift in Sources */ = {isa = PBXBuildFile; fileRef = 95E3C4B9285844EC0065DFB0 /* TimerPageController.swift */; };
		95E3C4BD285844EC0065DFB0 /* TimerPage.storyboard in Resources */ = {isa = PBXBuildFile; fileRef = 95E3C4BB285844EC0065DFB0 /* TimerPage.storyboard */; };
		95E3C4C0285844EC0065DFB0 /* carvensy.xcdatamodeld in Sources */ = {isa = PBXBuildFile; fileRef = 95E3C4BE285844EC0065DFB0 /* carvensy.xcdatamodeld */; };
		95E3C4C2285844ED0065DFB0 /* Assets.xcassets in Resources */ = {isa = PBXBuildFile; fileRef = 95E3C4C1285844ED0065DFB0 /* Assets.xcassets */; };
		95E3C4C5285844ED0065DFB0 /* LaunchScreen.storyboard in Resources */ = {isa = PBXBuildFile; fileRef = 95E3C4C3285844ED0065DFB0 /* LaunchScreen.storyboard */; };
		A97B08E5285AE4B5002493BC /* BreakPage.storyboard in Resources */ = {isa = PBXBuildFile; fileRef = A97B08E4285AE4B5002493BC /* BreakPage.storyboard */; };
		A97B08E7285AE4CA002493BC /* BreakPageController.swift in Sources */ = {isa = PBXBuildFile; fileRef = A97B08E6285AE4CA002493BC /* BreakPageController.swift */; };
		A97B08F3285F0C95002493BC /* DisclaimerStretch.storyboard in Resources */ = {isa = PBXBuildFile; fileRef = A97B08F2285F0C95002493BC /* DisclaimerStretch.storyboard */; };
		A97B08F5285F0CB0002493BC /* DisclaimerController.swift in Sources */ = {isa = PBXBuildFile; fileRef = A97B08F4285F0CB0002493BC /* DisclaimerController.swift */; };
		A9E6E86B285982720077BBF8 /* EditPage.storyboard in Resources */ = {isa = PBXBuildFile; fileRef = A9E6E86A285982720077BBF8 /* EditPage.storyboard */; };
		A9E6E86D2859829D0077BBF8 /* EditPageController.swift in Sources */ = {isa = PBXBuildFile; fileRef = A9E6E86C2859829D0077BBF8 /* EditPageController.swift */; };
/* End PBXBuildFile section */

/* Begin PBXFileReference section */
		1405D097285CB2DA000D3157 /* OverviewPageController.swift */ = {isa = PBXFileReference; lastKnownFileType = sourcecode.swift; path = OverviewPageController.swift; sourceTree = "<group>"; };
		1405D0A9285CDE54000D3157 /* OverviewSymptomsCollectionViewCell.swift */ = {isa = PBXFileReference; lastKnownFileType = sourcecode.swift; path = OverviewSymptomsCollectionViewCell.swift; sourceTree = "<group>"; };
		1405D0AB285CDE72000D3157 /* OverviewCollectionViewCell.swift */ = {isa = PBXFileReference; lastKnownFileType = sourcecode.swift; path = OverviewCollectionViewCell.swift; sourceTree = "<group>"; };
		1436F779285CAAAF0090582B /* StretchFinish.storyboard */ = {isa = PBXFileReference; fileEncoding = 4; lastKnownFileType = file.storyboard; path = StretchFinish.storyboard; sourceTree = "<group>"; };
		1436F77B285CAAB50090582B /* StretchFinishPageController.swift */ = {isa = PBXFileReference; fileEncoding = 4; lastKnownFileType = sourcecode.swift; path = StretchFinishPageController.swift; sourceTree = "<group>"; };
		14573B3F285ADDEA008F714F /* StretchStep.storyboard */ = {isa = PBXFileReference; lastKnownFileType = file.storyboard; path = StretchStep.storyboard; sourceTree = "<group>"; };
		14573B41285ADE16008F714F /* StretchStepController.swift */ = {isa = PBXFileReference; lastKnownFileType = sourcecode.swift; path = StretchStepController.swift; sourceTree = "<group>"; };
		145A1D2928618584001A6BA4 /* GIFProcessorExtension.swift */ = {isa = PBXFileReference; lastKnownFileType = sourcecode.swift; path = GIFProcessorExtension.swift; sourceTree = "<group>"; };
		145A1D2B286187DD001A6BA4 /* Prayer.gif */ = {isa = PBXFileReference; lastKnownFileType = image.gif; path = Prayer.gif; sourceTree = "<group>"; };
		148BD09B2859FB2A00420125 /* ChooseStretch.storyboard */ = {isa = PBXFileReference; lastKnownFileType = file.storyboard; path = ChooseStretch.storyboard; sourceTree = "<group>"; };
		148BD09F2859FF6900420125 /* SF-Pro.ttf */ = {isa = PBXFileReference; lastKnownFileType = file; path = "SF-Pro.ttf"; sourceTree = "<group>"; };
		148BD0A02859FF9E00420125 /* SF-Pro-Italic.ttf */ = {isa = PBXFileReference; lastKnownFileType = file; path = "SF-Pro-Italic.ttf"; sourceTree = "<group>"; };
		148BD0A3285A04D200420125 /* ChooseStretchController.swift */ = {isa = PBXFileReference; lastKnownFileType = sourcecode.swift; path = ChooseStretchController.swift; sourceTree = "<group>"; };
		148BD0A5285A057D00420125 /* ChooseStretchTableViewCell.swift */ = {isa = PBXFileReference; lastKnownFileType = sourcecode.swift; path = ChooseStretchTableViewCell.swift; sourceTree = "<group>"; };
		148BD0A6285A057D00420125 /* ChooseStretchTableViewCell.xib */ = {isa = PBXFileReference; lastKnownFileType = file.xib; path = ChooseStretchTableViewCell.xib; sourceTree = "<group>"; };
		148BD0AC285A0ABF00420125 /* StretchType.swift */ = {isa = PBXFileReference; lastKnownFileType = sourcecode.swift; path = StretchType.swift; sourceTree = "<group>"; };
		148BD0AE285A133800420125 /* StretchSteps.swift */ = {isa = PBXFileReference; lastKnownFileType = sourcecode.swift; path = StretchSteps.swift; sourceTree = "<group>"; };
		1498D1D82858BB280009C41F /* TimerProgressBar.swift */ = {isa = PBXFileReference; lastKnownFileType = sourcecode.swift; path = TimerProgressBar.swift; sourceTree = "<group>"; };
		1498D1DA2858BEDC0009C41F /* ProgressBarTimer.swift */ = {isa = PBXFileReference; lastKnownFileType = sourcecode.swift; path = ProgressBarTimer.swift; sourceTree = "<group>"; };
		14FD0BFB28605EB900DAF65D /* MoreComingSoonCell.swift */ = {isa = PBXFileReference; lastKnownFileType = sourcecode.swift; path = MoreComingSoonCell.swift; sourceTree = "<group>"; };
		14FD0BFC28605EB900DAF65D /* MoreComingSoonCell.xib */ = {isa = PBXFileReference; lastKnownFileType = file.xib; path = MoreComingSoonCell.xib; sourceTree = "<group>"; };
		14FD0C00286060CE00DAF65D /* Stop Stretch.gif */ = {isa = PBXFileReference; lastKnownFileType = image.gif; path = "Stop Stretch.gif"; sourceTree = "<group>"; };
		14FD0C01286060CE00DAF65D /* Thumb Glide.gif */ = {isa = PBXFileReference; lastKnownFileType = image.gif; path = "Thumb Glide.gif"; sourceTree = "<group>"; };
		14FD0C02286060CE00DAF65D /* Push Out Stretch.gif */ = {isa = PBXFileReference; lastKnownFileType = image.gif; path = "Push Out Stretch.gif"; sourceTree = "<group>"; };
		950636B82859ECE9008C2639 /* blank.swift */ = {isa = PBXFileReference; lastKnownFileType = sourcecode.swift; path = blank.swift; sourceTree = "<group>"; };
		950636BA2859ECF9008C2639 /* blank.swift */ = {isa = PBXFileReference; lastKnownFileType = sourcecode.swift; path = blank.swift; sourceTree = "<group>"; };
		956B7BF6285AFD2900593ED0 /* CarvensyColor.swift */ = {isa = PBXFileReference; lastKnownFileType = sourcecode.swift; path = CarvensyColor.swift; sourceTree = "<group>"; };
		95E3C4B2285844EC0065DFB0 /* carvensy.app */ = {isa = PBXFileReference; explicitFileType = wrapper.application; includeInIndex = 0; path = carvensy.app; sourceTree = BUILT_PRODUCTS_DIR; };
		95E3C4B5285844EC0065DFB0 /* AppDelegate.swift */ = {isa = PBXFileReference; lastKnownFileType = sourcecode.swift; path = AppDelegate.swift; sourceTree = "<group>"; };
		95E3C4B7285844EC0065DFB0 /* SceneDelegate.swift */ = {isa = PBXFileReference; lastKnownFileType = sourcecode.swift; path = SceneDelegate.swift; sourceTree = "<group>"; };
		95E3C4B9285844EC0065DFB0 /* TimerPageController.swift */ = {isa = PBXFileReference; lastKnownFileType = sourcecode.swift; path = TimerPageController.swift; sourceTree = "<group>"; };
		95E3C4BC285844EC0065DFB0 /* Base */ = {isa = PBXFileReference; lastKnownFileType = file.storyboard; name = Base; path = Base.lproj/TimerPage.storyboard; sourceTree = "<group>"; };
		95E3C4BF285844EC0065DFB0 /* carvensy.xcdatamodel */ = {isa = PBXFileReference; lastKnownFileType = wrapper.xcdatamodel; path = carvensy.xcdatamodel; sourceTree = "<group>"; };
		95E3C4C1285844ED0065DFB0 /* Assets.xcassets */ = {isa = PBXFileReference; lastKnownFileType = folder.assetcatalog; path = Assets.xcassets; sourceTree = "<group>"; };
		95E3C4C4285844ED0065DFB0 /* Base */ = {isa = PBXFileReference; lastKnownFileType = file.storyboard; name = Base; path = Base.lproj/LaunchScreen.storyboard; sourceTree = "<group>"; };
		95E3C4C6285844ED0065DFB0 /* Info.plist */ = {isa = PBXFileReference; lastKnownFileType = text.plist.xml; path = Info.plist; sourceTree = "<group>"; };
		A97B08E4285AE4B5002493BC /* BreakPage.storyboard */ = {isa = PBXFileReference; lastKnownFileType = file.storyboard; path = BreakPage.storyboard; sourceTree = "<group>"; };
		A97B08E6285AE4CA002493BC /* BreakPageController.swift */ = {isa = PBXFileReference; lastKnownFileType = sourcecode.swift; path = BreakPageController.swift; sourceTree = "<group>"; };
		A97B08F2285F0C95002493BC /* DisclaimerStretch.storyboard */ = {isa = PBXFileReference; lastKnownFileType = file.storyboard; path = DisclaimerStretch.storyboard; sourceTree = "<group>"; };
		A97B08F4285F0CB0002493BC /* DisclaimerController.swift */ = {isa = PBXFileReference; lastKnownFileType = sourcecode.swift; path = DisclaimerController.swift; sourceTree = "<group>"; };
		A9E6E86A285982720077BBF8 /* EditPage.storyboard */ = {isa = PBXFileReference; lastKnownFileType = file.storyboard; path = EditPage.storyboard; sourceTree = "<group>"; };
		A9E6E86C2859829D0077BBF8 /* EditPageController.swift */ = {isa = PBXFileReference; lastKnownFileType = sourcecode.swift; path = EditPageController.swift; sourceTree = "<group>"; };
/* End PBXFileReference section */

/* Begin PBXFrameworksBuildPhase section */
		95E3C4AF285844EC0065DFB0 /* Frameworks */ = {
			isa = PBXFrameworksBuildPhase;
			buildActionMask = 2147483647;
			files = (
			);
			runOnlyForDeploymentPostprocessing = 0;
		};
/* End PBXFrameworksBuildPhase section */

/* Begin PBXGroup section */
		1405D0A3285CDD59000D3157 /* OverviewCollectionViewCell */ = {
			isa = PBXGroup;
			children = (
				1405D0AB285CDE72000D3157 /* OverviewCollectionViewCell.swift */,
			);
			path = OverviewCollectionViewCell;
			sourceTree = "<group>";
		};
		1405D0A4285CDD6E000D3157 /* OverviewSymptomsCollectionViewCell */ = {
			isa = PBXGroup;
			children = (
				1405D0A9285CDE54000D3157 /* OverviewSymptomsCollectionViewCell.swift */,
			);
			path = OverviewSymptomsCollectionViewCell;
			sourceTree = "<group>";
		};
		1436F776285CAA8B0090582B /* StretchPraise */ = {
			isa = PBXGroup;
			children = (
				1436F778285CAA960090582B /* Controller */,
				1436F777285CAA920090582B /* View */,
			);
			path = StretchPraise;
			sourceTree = "<group>";
		};
		1436F777285CAA920090582B /* View */ = {
			isa = PBXGroup;
			children = (
				1436F779285CAAAF0090582B /* StretchFinish.storyboard */,
			);
			path = View;
			sourceTree = "<group>";
		};
		1436F778285CAA960090582B /* Controller */ = {
			isa = PBXGroup;
			children = (
				1436F77B285CAAB50090582B /* StretchFinishPageController.swift */,
			);
			path = Controller;
			sourceTree = "<group>";
		};
		14573B3C285ADCA9008F714F /* StretchSteps */ = {
			isa = PBXGroup;
			children = (
				14573B3E285ADCBE008F714F /* Controller */,
				14573B3D285ADCB7008F714F /* View */,
			);
			path = StretchSteps;
			sourceTree = "<group>";
		};
		14573B3D285ADCB7008F714F /* View */ = {
			isa = PBXGroup;
			children = (
				14573B3F285ADDEA008F714F /* StretchStep.storyboard */,
			);
			path = View;
			sourceTree = "<group>";
		};
		14573B3E285ADCBE008F714F /* Controller */ = {
			isa = PBXGroup;
			children = (
				14573B41285ADE16008F714F /* StretchStepController.swift */,
			);
			path = Controller;
			sourceTree = "<group>";
		};
		148BD0972859F9D200420125 /* Pages */ = {
			isa = PBXGroup;
			children = (
				A97B08EF285F0C70002493BC /* DisclaimerStretch */,
				1436F776285CAA8B0090582B /* StretchPraise */,
				14573B3C285ADCA9008F714F /* StretchSteps */,
				148BD0982859F9DD00420125 /* ChooseStretch */,
			);
			path = Pages;
			sourceTree = "<group>";
		};
		148BD0982859F9DD00420125 /* ChooseStretch */ = {
			isa = PBXGroup;
			children = (
				148BD0992859FA8800420125 /* View */,
				148BD09A2859FA8D00420125 /* Controller */,
			);
			path = ChooseStretch;
			sourceTree = "<group>";
		};
		148BD0992859FA8800420125 /* View */ = {
			isa = PBXGroup;
			children = (
				148BD09B2859FB2A00420125 /* ChooseStretch.storyboard */,
			);
			path = View;
			sourceTree = "<group>";
		};
		148BD09A2859FA8D00420125 /* Controller */ = {
			isa = PBXGroup;
			children = (
				148BD0A3285A04D200420125 /* ChooseStretchController.swift */,
			);
			path = Controller;
			sourceTree = "<group>";
		};
		148BD09D2859FF4B00420125 /* UI */ = {
			isa = PBXGroup;
			children = (
				14FD0BFA28605E8B00DAF65D /* MoreComingSoonViewCell */,
				1405D0A4285CDD6E000D3157 /* OverviewSymptomsCollectionViewCell */,
				1405D0A3285CDD59000D3157 /* OverviewCollectionViewCell */,
				148BD0A9285A058900420125 /* ChooseStretchTableViewCell */,
			);
			path = UI;
			sourceTree = "<group>";
		};
		148BD09E2859FF5100420125 /* Fonts */ = {
			isa = PBXGroup;
			children = (
				148BD09F2859FF6900420125 /* SF-Pro.ttf */,
				148BD0A02859FF9E00420125 /* SF-Pro-Italic.ttf */,
			);
			path = Fonts;
			sourceTree = "<group>";
		};
		148BD0A9285A058900420125 /* ChooseStretchTableViewCell */ = {
			isa = PBXGroup;
			children = (
				148BD0A5285A057D00420125 /* ChooseStretchTableViewCell.swift */,
				148BD0A6285A057D00420125 /* ChooseStretchTableViewCell.xib */,
			);
			path = ChooseStretchTableViewCell;
			sourceTree = "<group>";
		};
		148BD0AB285A0AB000420125 /* Model */ = {
			isa = PBXGroup;
			children = (
				148BD0AC285A0ABF00420125 /* StretchType.swift */,
				148BD0AE285A133800420125 /* StretchSteps.swift */,
			);
			path = Model;
			sourceTree = "<group>";
		};
		14FD0BFA28605E8B00DAF65D /* MoreComingSoonViewCell */ = {
			isa = PBXGroup;
			children = (
				14FD0BFB28605EB900DAF65D /* MoreComingSoonCell.swift */,
				14FD0BFC28605EB900DAF65D /* MoreComingSoonCell.xib */,
			);
			path = MoreComingSoonViewCell;
			sourceTree = "<group>";
		};
		14FD0BFF286060BC00DAF65D /* GIFs */ = {
			isa = PBXGroup;
			children = (
				145A1D2B286187DD001A6BA4 /* Prayer.gif */,
				14FD0C02286060CE00DAF65D /* Push Out Stretch.gif */,
				14FD0C00286060CE00DAF65D /* Stop Stretch.gif */,
				14FD0C01286060CE00DAF65D /* Thumb Glide.gif */,
			);
			path = GIFs;
			sourceTree = "<group>";
		};
		950636B32859EC70008C2639 /* Features */ = {
			isa = PBXGroup;
			children = (
				950636B72859ECBA008C2639 /* Onboarding */,
				950636B42859EC93008C2639 /* Breaktimer */,
				950636B52859EC99008C2639 /* Stretch */,
				950636B62859ECAC008C2639 /* Summary */,
			);
			path = Features;
			sourceTree = "<group>";
		};
		950636B42859EC93008C2639 /* Breaktimer */ = {
			isa = PBXGroup;
			children = (
				950636BC2859ED10008C2639 /* Pages */,
			);
			path = Breaktimer;
			sourceTree = "<group>";
		};
		950636B52859EC99008C2639 /* Stretch */ = {
			isa = PBXGroup;
			children = (
				148BD0AB285A0AB000420125 /* Model */,
				148BD0972859F9D200420125 /* Pages */,
				950636BA2859ECF9008C2639 /* blank.swift */,
			);
			path = Stretch;
			sourceTree = "<group>";
		};
		950636B62859ECAC008C2639 /* Summary */ = {
			isa = PBXGroup;
			children = (
				950636B82859ECE9008C2639 /* blank.swift */,
			);
			path = Summary;
			sourceTree = "<group>";
		};
		950636B72859ECBA008C2639 /* Onboarding */ = {
			isa = PBXGroup;
			children = (
				950636C32859EDDB008C2639 /* Pages */,
			);
			path = Onboarding;
			sourceTree = "<group>";
		};
		950636BC2859ED10008C2639 /* Pages */ = {
			isa = PBXGroup;
			children = (
				A97B08E1285AE491002493BC /* Break */,
				950636BF2859ED56008C2639 /* Timer + Overview */,
				A9E6E86F285982A90077BBF8 /* Edit */,
			);
			path = Pages;
			sourceTree = "<group>";
		};
		950636BD2859ED2C008C2639 /* Controller */ = {
			isa = PBXGroup;
			children = (
				A9E6E86C2859829D0077BBF8 /* EditPageController.swift */,
			);
			path = Controller;
			sourceTree = "<group>";
		};
		950636BE2859ED36008C2639 /* View */ = {
			isa = PBXGroup;
			children = (
				A9E6E86A285982720077BBF8 /* EditPage.storyboard */,
			);
			path = View;
			sourceTree = "<group>";
		};
		950636BF2859ED56008C2639 /* Timer + Overview */ = {
			isa = PBXGroup;
			children = (
				950636C12859ED66008C2639 /* Controller */,
				950636C02859ED5F008C2639 /* View */,
			);
			path = "Timer + Overview";
			sourceTree = "<group>";
		};
		950636C02859ED5F008C2639 /* View */ = {
			isa = PBXGroup;
			children = (
				95E3C4BB285844EC0065DFB0 /* TimerPage.storyboard */,
			);
			path = View;
			sourceTree = "<group>";
		};
		950636C12859ED66008C2639 /* Controller */ = {
			isa = PBXGroup;
			children = (
				95E3C4B9285844EC0065DFB0 /* TimerPageController.swift */,
				1405D097285CB2DA000D3157 /* OverviewPageController.swift */,
			);
			path = Controller;
			sourceTree = "<group>";
		};
		950636C22859EDB2008C2639 /* Helper */ = {
			isa = PBXGroup;
			children = (
				1498D1D82858BB280009C41F /* TimerProgressBar.swift */,
				1498D1DA2858BEDC0009C41F /* ProgressBarTimer.swift */,
				145A1D2928618584001A6BA4 /* GIFProcessorExtension.swift */,
			);
			path = Helper;
			sourceTree = "<group>";
		};
		950636C32859EDDB008C2639 /* Pages */ = {
			isa = PBXGroup;
			children = (
				950636C42859EDE6008C2639 /* Splash */,
			);
			path = Pages;
			sourceTree = "<group>";
		};
		950636C42859EDE6008C2639 /* Splash */ = {
			isa = PBXGroup;
			children = (
				950636C52859EDEF008C2639 /* View */,
			);
			path = Splash;
			sourceTree = "<group>";
		};
		950636C52859EDEF008C2639 /* View */ = {
			isa = PBXGroup;
			children = (
				95E3C4C3285844ED0065DFB0 /* LaunchScreen.storyboard */,
			);
			path = View;
			sourceTree = "<group>";
		};
		950636C62859EE27008C2639 /* Themes */ = {
			isa = PBXGroup;
			children = (
				14FD0BFF286060BC00DAF65D /* GIFs */,
				956B7BF5285AFD0F00593ED0 /* Colors */,
				148BD09E2859FF5100420125 /* Fonts */,
				148BD09D2859FF4B00420125 /* UI */,
			);
			path = Themes;
			sourceTree = "<group>";
		};
		950636C72859EE3F008C2639 /* Utilities */ = {
			isa = PBXGroup;
			children = (
				950636C82859EE46008C2639 /* Core Data */,
			);
			path = Utilities;
			sourceTree = "<group>";
		};
		950636C82859EE46008C2639 /* Core Data */ = {
			isa = PBXGroup;
			children = (
				95E3C4BE285844EC0065DFB0 /* carvensy.xcdatamodeld */,
			);
			path = "Core Data";
			sourceTree = "<group>";
		};
		956B7BF5285AFD0F00593ED0 /* Colors */ = {
			isa = PBXGroup;
			children = (
				956B7BF6285AFD2900593ED0 /* CarvensyColor.swift */,
			);
			path = Colors;
			sourceTree = "<group>";
		};
		95E3C4A9285844EC0065DFB0 = {
			isa = PBXGroup;
			children = (
				95E3C4B4285844EC0065DFB0 /* carvensy */,
				95E3C4B3285844EC0065DFB0 /* Products */,
			);
			sourceTree = "<group>";
		};
		95E3C4B3285844EC0065DFB0 /* Products */ = {
			isa = PBXGroup;
			children = (
				95E3C4B2285844EC0065DFB0 /* carvensy.app */,
			);
			name = Products;
			sourceTree = "<group>";
		};
		95E3C4B4285844EC0065DFB0 /* carvensy */ = {
			isa = PBXGroup;
			children = (
				95E3C4C1285844ED0065DFB0 /* Assets.xcassets */,
				950636C72859EE3F008C2639 /* Utilities */,
				950636C62859EE27008C2639 /* Themes */,
				950636C22859EDB2008C2639 /* Helper */,
				950636B32859EC70008C2639 /* Features */,
				95E3C4B5285844EC0065DFB0 /* AppDelegate.swift */,
				95E3C4B7285844EC0065DFB0 /* SceneDelegate.swift */,
				95E3C4C6285844ED0065DFB0 /* Info.plist */,
			);
			path = carvensy;
			sourceTree = "<group>";
		};
		A97B08E1285AE491002493BC /* Break */ = {
			isa = PBXGroup;
			children = (
				A97B08E3285AE4A5002493BC /* Controller */,
				A97B08E2285AE49D002493BC /* View */,
			);
			path = Break;
			sourceTree = "<group>";
		};
		A97B08E2285AE49D002493BC /* View */ = {
			isa = PBXGroup;
			children = (
				A97B08E4285AE4B5002493BC /* BreakPage.storyboard */,
			);
			path = View;
			sourceTree = "<group>";
		};
		A97B08E3285AE4A5002493BC /* Controller */ = {
			isa = PBXGroup;
			children = (
				A97B08E6285AE4CA002493BC /* BreakPageController.swift */,
			);
			path = Controller;
			sourceTree = "<group>";
		};
		A97B08EF285F0C70002493BC /* DisclaimerStretch */ = {
			isa = PBXGroup;
			children = (
				A97B08F1285F0C85002493BC /* Controller */,
				A97B08F0285F0C7F002493BC /* View */,
			);
			path = DisclaimerStretch;
			sourceTree = "<group>";
		};
		A97B08F0285F0C7F002493BC /* View */ = {
			isa = PBXGroup;
			children = (
				A97B08F2285F0C95002493BC /* DisclaimerStretch.storyboard */,
			);
			path = View;
			sourceTree = "<group>";
		};
		A97B08F1285F0C85002493BC /* Controller */ = {
			isa = PBXGroup;
			children = (
				A97B08F4285F0CB0002493BC /* DisclaimerController.swift */,
			);
			path = Controller;
			sourceTree = "<group>";
		};
		A9E6E86F285982A90077BBF8 /* Edit */ = {
			isa = PBXGroup;
			children = (
				950636BE2859ED36008C2639 /* View */,
				950636BD2859ED2C008C2639 /* Controller */,
			);
			path = Edit;
			sourceTree = "<group>";
		};
/* End PBXGroup section */

/* Begin PBXNativeTarget section */
		95E3C4B1285844EC0065DFB0 /* carvensy */ = {
			isa = PBXNativeTarget;
			buildConfigurationList = 95E3C4C9285844ED0065DFB0 /* Build configuration list for PBXNativeTarget "carvensy" */;
			buildPhases = (
				95E3C4AE285844EC0065DFB0 /* Sources */,
				95E3C4AF285844EC0065DFB0 /* Frameworks */,
				95E3C4B0285844EC0065DFB0 /* Resources */,
			);
			buildRules = (
			);
			dependencies = (
			);
			name = carvensy;
			productName = carvensy;
			productReference = 95E3C4B2285844EC0065DFB0 /* carvensy.app */;
			productType = "com.apple.product-type.application";
		};
/* End PBXNativeTarget section */

/* Begin PBXProject section */
		95E3C4AA285844EC0065DFB0 /* Project object */ = {
			isa = PBXProject;
			attributes = {
				BuildIndependentTargetsInParallel = 1;
				LastSwiftUpdateCheck = 1340;
				LastUpgradeCheck = 1340;
				TargetAttributes = {
					95E3C4B1285844EC0065DFB0 = {
						CreatedOnToolsVersion = 13.4.1;
					};
				};
			};
			buildConfigurationList = 95E3C4AD285844EC0065DFB0 /* Build configuration list for PBXProject "carvensy" */;
			compatibilityVersion = "Xcode 13.0";
			developmentRegion = en;
			hasScannedForEncodings = 0;
			knownRegions = (
				en,
				Base,
			);
			mainGroup = 95E3C4A9285844EC0065DFB0;
			productRefGroup = 95E3C4B3285844EC0065DFB0 /* Products */;
			projectDirPath = "";
			projectRoot = "";
			targets = (
				95E3C4B1285844EC0065DFB0 /* carvensy */,
			);
		};
/* End PBXProject section */

/* Begin PBXResourcesBuildPhase section */
		95E3C4B0285844EC0065DFB0 /* Resources */ = {
			isa = PBXResourcesBuildPhase;
			buildActionMask = 2147483647;
			files = (
				148BD09C2859FB2A00420125 /* ChooseStretch.storyboard in Resources */,
				1436F77A285CAAAF0090582B /* StretchFinish.storyboard in Resources */,
				95E3C4C5285844ED0065DFB0 /* LaunchScreen.storyboard in Resources */,
				14FD0C04286060CE00DAF65D /* Thumb Glide.gif in Resources */,
				A9E6E86B285982720077BBF8 /* EditPage.storyboard in Resources */,
				14573B40285ADDEB008F714F /* StretchStep.storyboard in Resources */,
				A97B08E5285AE4B5002493BC /* BreakPage.storyboard in Resources */,
				14FD0BFE28605EB900DAF65D /* MoreComingSoonCell.xib in Resources */,
				14FD0C03286060CE00DAF65D /* Stop Stretch.gif in Resources */,
				14FD0C05286060CE00DAF65D /* Push Out Stretch.gif in Resources */,
				95E3C4C2285844ED0065DFB0 /* Assets.xcassets in Resources */,
				145A1D2C286187DD001A6BA4 /* Prayer.gif in Resources */,
				148BD0A8285A057D00420125 /* ChooseStretchTableViewCell.xib in Resources */,
				95E3C4BD285844EC0065DFB0 /* TimerPage.storyboard in Resources */,
				A97B08F3285F0C95002493BC /* DisclaimerStretch.storyboard in Resources */,
			);
			runOnlyForDeploymentPostprocessing = 0;
		};
/* End PBXResourcesBuildPhase section */

/* Begin PBXSourcesBuildPhase section */
		95E3C4AE285844EC0065DFB0 /* Sources */ = {
			isa = PBXSourcesBuildPhase;
			buildActionMask = 2147483647;
			files = (
				1498D1D92858BB280009C41F /* TimerProgressBar.swift in Sources */,
				1436F77C285CAAB50090582B /* StretchFinishPageController.swift in Sources */,
				1405D0AC285CDE72000D3157 /* OverviewCollectionViewCell.swift in Sources */,
				950636BB2859ECF9008C2639 /* blank.swift in Sources */,
				148BD0A4285A04D200420125 /* ChooseStretchController.swift in Sources */,
				148BD0AD285A0ABF00420125 /* StretchType.swift in Sources */,
				A97B08F5285F0CB0002493BC /* DisclaimerController.swift in Sources */,
				145A1D2A28618584001A6BA4 /* GIFProcessorExtension.swift in Sources */,
				14FD0BFD28605EB900DAF65D /* MoreComingSoonCell.swift in Sources */,
				A97B08E7285AE4CA002493BC /* BreakPageController.swift in Sources */,
				95E3C4C0285844EC0065DFB0 /* carvensy.xcdatamodeld in Sources */,
				A9E6E86D2859829D0077BBF8 /* EditPageController.swift in Sources */,
				1405D098285CB2DA000D3157 /* OverviewPageController.swift in Sources */,
				148BD0AF285A133800420125 /* StretchSteps.swift in Sources */,
				95E3C4BA285844EC0065DFB0 /* TimerPageController.swift in Sources */,
				95E3C4B6285844EC0065DFB0 /* AppDelegate.swift in Sources */,
				1498D1DB2858BEDC0009C41F /* ProgressBarTimer.swift in Sources */,
				1405D0AA285CDE54000D3157 /* OverviewSymptomsCollectionViewCell.swift in Sources */,
				14573B42285ADE16008F714F /* StretchStepController.swift in Sources */,
				148BD0A7285A057D00420125 /* ChooseStretchTableViewCell.swift in Sources */,
				956B7BF7285AFD2900593ED0 /* CarvensyColor.swift in Sources */,
				95E3C4B8285844EC0065DFB0 /* SceneDelegate.swift in Sources */,
			);
			runOnlyForDeploymentPostprocessing = 0;
		};
/* End PBXSourcesBuildPhase section */

/* Begin PBXVariantGroup section */
		95E3C4BB285844EC0065DFB0 /* TimerPage.storyboard */ = {
			isa = PBXVariantGroup;
			children = (
				95E3C4BC285844EC0065DFB0 /* Base */,
			);
			name = TimerPage.storyboard;
			sourceTree = "<group>";
		};
		95E3C4C3285844ED0065DFB0 /* LaunchScreen.storyboard */ = {
			isa = PBXVariantGroup;
			children = (
				95E3C4C4285844ED0065DFB0 /* Base */,
			);
			name = LaunchScreen.storyboard;
			sourceTree = "<group>";
		};
/* End PBXVariantGroup section */

/* Begin XCBuildConfiguration section */
		95E3C4C7285844ED0065DFB0 /* Debug */ = {
			isa = XCBuildConfiguration;
			buildSettings = {
				ALWAYS_SEARCH_USER_PATHS = NO;
				CLANG_ANALYZER_NONNULL = YES;
				CLANG_ANALYZER_NUMBER_OBJECT_CONVERSION = YES_AGGRESSIVE;
				CLANG_CXX_LANGUAGE_STANDARD = "gnu++17";
				CLANG_ENABLE_MODULES = YES;
				CLANG_ENABLE_OBJC_ARC = YES;
				CLANG_ENABLE_OBJC_WEAK = YES;
				CLANG_WARN_BLOCK_CAPTURE_AUTORELEASING = YES;
				CLANG_WARN_BOOL_CONVERSION = YES;
				CLANG_WARN_COMMA = YES;
				CLANG_WARN_CONSTANT_CONVERSION = YES;
				CLANG_WARN_DEPRECATED_OBJC_IMPLEMENTATIONS = YES;
				CLANG_WARN_DIRECT_OBJC_ISA_USAGE = YES_ERROR;
				CLANG_WARN_DOCUMENTATION_COMMENTS = YES;
				CLANG_WARN_EMPTY_BODY = YES;
				CLANG_WARN_ENUM_CONVERSION = YES;
				CLANG_WARN_INFINITE_RECURSION = YES;
				CLANG_WARN_INT_CONVERSION = YES;
				CLANG_WARN_NON_LITERAL_NULL_CONVERSION = YES;
				CLANG_WARN_OBJC_IMPLICIT_RETAIN_SELF = YES;
				CLANG_WARN_OBJC_LITERAL_CONVERSION = YES;
				CLANG_WARN_OBJC_ROOT_CLASS = YES_ERROR;
				CLANG_WARN_QUOTED_INCLUDE_IN_FRAMEWORK_HEADER = YES;
				CLANG_WARN_RANGE_LOOP_ANALYSIS = YES;
				CLANG_WARN_STRICT_PROTOTYPES = YES;
				CLANG_WARN_SUSPICIOUS_MOVE = YES;
				CLANG_WARN_UNGUARDED_AVAILABILITY = YES_AGGRESSIVE;
				CLANG_WARN_UNREACHABLE_CODE = YES;
				CLANG_WARN__DUPLICATE_METHOD_MATCH = YES;
				COPY_PHASE_STRIP = NO;
				DEBUG_INFORMATION_FORMAT = dwarf;
				ENABLE_STRICT_OBJC_MSGSEND = YES;
				ENABLE_TESTABILITY = YES;
				GCC_C_LANGUAGE_STANDARD = gnu11;
				GCC_DYNAMIC_NO_PIC = NO;
				GCC_NO_COMMON_BLOCKS = YES;
				GCC_OPTIMIZATION_LEVEL = 0;
				GCC_PREPROCESSOR_DEFINITIONS = (
					"DEBUG=1",
					"$(inherited)",
				);
				GCC_WARN_64_TO_32_BIT_CONVERSION = YES;
				GCC_WARN_ABOUT_RETURN_TYPE = YES_ERROR;
				GCC_WARN_UNDECLARED_SELECTOR = YES;
				GCC_WARN_UNINITIALIZED_AUTOS = YES_AGGRESSIVE;
				GCC_WARN_UNUSED_FUNCTION = YES;
				GCC_WARN_UNUSED_VARIABLE = YES;
				IPHONEOS_DEPLOYMENT_TARGET = 15.0;
				MTL_ENABLE_DEBUG_INFO = INCLUDE_SOURCE;
				MTL_FAST_MATH = YES;
				ONLY_ACTIVE_ARCH = YES;
				SDKROOT = iphoneos;
				SWIFT_ACTIVE_COMPILATION_CONDITIONS = DEBUG;
				SWIFT_OPTIMIZATION_LEVEL = "-Onone";
			};
			name = Debug;
		};
		95E3C4C8285844ED0065DFB0 /* Release */ = {
			isa = XCBuildConfiguration;
			buildSettings = {
				ALWAYS_SEARCH_USER_PATHS = NO;
				CLANG_ANALYZER_NONNULL = YES;
				CLANG_ANALYZER_NUMBER_OBJECT_CONVERSION = YES_AGGRESSIVE;
				CLANG_CXX_LANGUAGE_STANDARD = "gnu++17";
				CLANG_ENABLE_MODULES = YES;
				CLANG_ENABLE_OBJC_ARC = YES;
				CLANG_ENABLE_OBJC_WEAK = YES;
				CLANG_WARN_BLOCK_CAPTURE_AUTORELEASING = YES;
				CLANG_WARN_BOOL_CONVERSION = YES;
				CLANG_WARN_COMMA = YES;
				CLANG_WARN_CONSTANT_CONVERSION = YES;
				CLANG_WARN_DEPRECATED_OBJC_IMPLEMENTATIONS = YES;
				CLANG_WARN_DIRECT_OBJC_ISA_USAGE = YES_ERROR;
				CLANG_WARN_DOCUMENTATION_COMMENTS = YES;
				CLANG_WARN_EMPTY_BODY = YES;
				CLANG_WARN_ENUM_CONVERSION = YES;
				CLANG_WARN_INFINITE_RECURSION = YES;
				CLANG_WARN_INT_CONVERSION = YES;
				CLANG_WARN_NON_LITERAL_NULL_CONVERSION = YES;
				CLANG_WARN_OBJC_IMPLICIT_RETAIN_SELF = YES;
				CLANG_WARN_OBJC_LITERAL_CONVERSION = YES;
				CLANG_WARN_OBJC_ROOT_CLASS = YES_ERROR;
				CLANG_WARN_QUOTED_INCLUDE_IN_FRAMEWORK_HEADER = YES;
				CLANG_WARN_RANGE_LOOP_ANALYSIS = YES;
				CLANG_WARN_STRICT_PROTOTYPES = YES;
				CLANG_WARN_SUSPICIOUS_MOVE = YES;
				CLANG_WARN_UNGUARDED_AVAILABILITY = YES_AGGRESSIVE;
				CLANG_WARN_UNREACHABLE_CODE = YES;
				CLANG_WARN__DUPLICATE_METHOD_MATCH = YES;
				COPY_PHASE_STRIP = NO;
				DEBUG_INFORMATION_FORMAT = "dwarf-with-dsym";
				ENABLE_NS_ASSERTIONS = NO;
				ENABLE_STRICT_OBJC_MSGSEND = YES;
				GCC_C_LANGUAGE_STANDARD = gnu11;
				GCC_NO_COMMON_BLOCKS = YES;
				GCC_WARN_64_TO_32_BIT_CONVERSION = YES;
				GCC_WARN_ABOUT_RETURN_TYPE = YES_ERROR;
				GCC_WARN_UNDECLARED_SELECTOR = YES;
				GCC_WARN_UNINITIALIZED_AUTOS = YES_AGGRESSIVE;
				GCC_WARN_UNUSED_FUNCTION = YES;
				GCC_WARN_UNUSED_VARIABLE = YES;
				IPHONEOS_DEPLOYMENT_TARGET = 15.0;
				MTL_ENABLE_DEBUG_INFO = NO;
				MTL_FAST_MATH = YES;
				SDKROOT = iphoneos;
				SWIFT_COMPILATION_MODE = wholemodule;
				SWIFT_OPTIMIZATION_LEVEL = "-O";
				VALIDATE_PRODUCT = YES;
			};
			name = Release;
		};
		95E3C4CA285844ED0065DFB0 /* Debug */ = {
			isa = XCBuildConfiguration;
			buildSettings = {
				ASSETCATALOG_COMPILER_APPICON_NAME = AppIcon;
				ASSETCATALOG_COMPILER_GLOBAL_ACCENT_COLOR_NAME = AccentColor;
				CODE_SIGN_STYLE = Automatic;
				CURRENT_PROJECT_VERSION = 1;
				DEVELOPMENT_TEAM = 4C96B7697Z;
				GENERATE_INFOPLIST_FILE = YES;
				INFOPLIST_FILE = carvensy/Info.plist;
				INFOPLIST_KEY_UIApplicationSupportsIndirectInputEvents = YES;
				INFOPLIST_KEY_UILaunchStoryboardName = LaunchScreen;
				INFOPLIST_KEY_UIMainStoryboardFile = TimerPage;
				INFOPLIST_KEY_UISupportedInterfaceOrientations = "";
				INFOPLIST_KEY_UISupportedInterfaceOrientations_iPad = "UIInterfaceOrientationPortrait UIInterfaceOrientationPortraitUpsideDown UIInterfaceOrientationLandscapeLeft UIInterfaceOrientationLandscapeRight";
				INFOPLIST_KEY_UISupportedInterfaceOrientations_iPhone = "UIInterfaceOrientationPortrait UIInterfaceOrientationLandscapeLeft UIInterfaceOrientationLandscapeRight";
				LD_RUNPATH_SEARCH_PATHS = (
					"$(inherited)",
					"@executable_path/Frameworks",
				);
				MARKETING_VERSION = 1.0;
				PRODUCT_BUNDLE_IDENTIFIER = carvensy.carvensy;
				PRODUCT_NAME = "$(TARGET_NAME)";
				SWIFT_EMIT_LOC_STRINGS = YES;
				SWIFT_VERSION = 5.0;
				TARGETED_DEVICE_FAMILY = "1,2";
			};
			name = Debug;
		};
		95E3C4CB285844ED0065DFB0 /* Release */ = {
			isa = XCBuildConfiguration;
			buildSettings = {
				ASSETCATALOG_COMPILER_APPICON_NAME = AppIcon;
				ASSETCATALOG_COMPILER_GLOBAL_ACCENT_COLOR_NAME = AccentColor;
				CODE_SIGN_STYLE = Automatic;
				CURRENT_PROJECT_VERSION = 1;
				DEVELOPMENT_TEAM = 4C96B7697Z;
				GENERATE_INFOPLIST_FILE = YES;
				INFOPLIST_FILE = carvensy/Info.plist;
				INFOPLIST_KEY_UIApplicationSupportsIndirectInputEvents = YES;
				INFOPLIST_KEY_UILaunchStoryboardName = LaunchScreen;
				INFOPLIST_KEY_UIMainStoryboardFile = TimerPage;
				INFOPLIST_KEY_UISupportedInterfaceOrientations = "";
				INFOPLIST_KEY_UISupportedInterfaceOrientations_iPad = "UIInterfaceOrientationPortrait UIInterfaceOrientationPortraitUpsideDown UIInterfaceOrientationLandscapeLeft UIInterfaceOrientationLandscapeRight";
				INFOPLIST_KEY_UISupportedInterfaceOrientations_iPhone = "UIInterfaceOrientationPortrait UIInterfaceOrientationLandscapeLeft UIInterfaceOrientationLandscapeRight";
				LD_RUNPATH_SEARCH_PATHS = (
					"$(inherited)",
					"@executable_path/Frameworks",
				);
				MARKETING_VERSION = 1.0;
				PRODUCT_BUNDLE_IDENTIFIER = carvensy.carvensy;
				PRODUCT_NAME = "$(TARGET_NAME)";
				SWIFT_EMIT_LOC_STRINGS = YES;
				SWIFT_VERSION = 5.0;
				TARGETED_DEVICE_FAMILY = "1,2";
			};
			name = Release;
		};
/* End XCBuildConfiguration section */

/* Begin XCConfigurationList section */
		95E3C4AD285844EC0065DFB0 /* Build configuration list for PBXProject "carvensy" */ = {
			isa = XCConfigurationList;
			buildConfigurations = (
				95E3C4C7285844ED0065DFB0 /* Debug */,
				95E3C4C8285844ED0065DFB0 /* Release */,
			);
			defaultConfigurationIsVisible = 0;
			defaultConfigurationName = Release;
		};
		95E3C4C9285844ED0065DFB0 /* Build configuration list for PBXNativeTarget "carvensy" */ = {
			isa = XCConfigurationList;
			buildConfigurations = (
				95E3C4CA285844ED0065DFB0 /* Debug */,
				95E3C4CB285844ED0065DFB0 /* Release */,
			);
			defaultConfigurationIsVisible = 0;
			defaultConfigurationName = Release;
		};
/* End XCConfigurationList section */

/* Begin XCVersionGroup section */
		95E3C4BE285844EC0065DFB0 /* carvensy.xcdatamodeld */ = {
			isa = XCVersionGroup;
			children = (
				95E3C4BF285844EC0065DFB0 /* carvensy.xcdatamodel */,
			);
			currentVersion = 95E3C4BF285844EC0065DFB0 /* carvensy.xcdatamodel */;
			path = carvensy.xcdatamodeld;
			sourceTree = "<group>";
			versionGroupType = wrapper.xcdatamodel;
		};
/* End XCVersionGroup section */
	};
	rootObject = 95E3C4AA285844EC0065DFB0 /* Project object */;
}
